
Microsoft Visual Studio Solution File, Format Version 12.00
# Visual Studio Version 16
VisualStudioVersion = 16.0.30225.117
MinimumVisualStudioVersion = 10.0.40219.1
Project("{8BC9CEB8-8B4A-11D0-8D11-00A0C91BC942}") = "FillGame", "FillGame\FillGame.vcxproj", "{59B48D59-9BDF-4FCB-97F3-7725739AACC9}"
EndProject
Project("{8BC9CEB8-8B4A-11D0-8D11-00A0C91BC942}") = "TinyEngine", "TinyEngine\TinyEngine.vcxproj", "{C8747421-1632-495D-AEF7-DF5647636DE5}"
EndProject
Project("{8BC9CEB8-8B4A-11D0-8D11-00A0C91BC942}") = "Project1", "Project1\Project1.vcxproj", "{363F3C78-FBC8-4FF1-937D-B96A9A9393C3}"
EndProject
Global
	GlobalSection(SolutionConfigurationPlatforms) = preSolution
		Debug|x64 = Debug|x64
		Debug|x86 = Debug|x86
		Release|x64 = Release|x64
		Release|x86 = Release|x86
	EndGlobalSection
	GlobalSection(ProjectConfigurationPlatforms) = postSolution
		{59B48D59-9BDF-4FCB-97F3-7725739AACC9}.Debug|x64.ActiveCfg = Debug|x64
		{59B48D59-9BDF-4FCB-97F3-7725739AACC9}.Debug|x64.Build.0 = Debug|x64
		{59B48D59-9BDF-4FCB-97F3-7725739AACC9}.Debug|x86.ActiveCfg = Debug|Win32
		{59B48D59-9BDF-4FCB-97F3-7725739AACC9}.Debug|x86.Build.0 = Debug|Win32
		{59B48D59-9BDF-4FCB-97F3-7725739AACC9}.Release|x64.ActiveCfg = Release|x64
		{59B48D59-9BDF-4FCB-97F3-7725739AACC9}.Release|x64.Build.0 = Release|x64
		{59B48D59-9BDF-4FCB-97F3-7725739AACC9}.Release|x86.ActiveCfg = Release|Win32
		{59B48D59-9BDF-4FCB-97F3-7725739AACC9}.Release|x86.Build.0 = Release|Win32
		{C8747421-1632-495D-AEF7-DF5647636DE5}.Debug|x64.ActiveCfg = Debug|x64
		{C8747421-1632-495D-AEF7-DF5647636DE5}.Debug|x64.Build.0 = Debug|x64
		{C8747421-1632-495D-AEF7-DF5647636DE5}.Debug|x86.ActiveCfg = Debug|Win32
		{C8747421-1632-495D-AEF7-DF5647636DE5}.Debug|x86.Build.0 = Debug|Win32
		{C8747421-1632-495D-AEF7-DF5647636DE5}.Release|x64.ActiveCfg = Release|x64
		{C8747421-1632-495D-AEF7-DF5647636DE5}.Release|x64.Build.0 = Release|x64
		{C8747421-1632-495D-AEF7-DF5647636DE5}.Release|x86.ActiveCfg = Release|Win32
		{C8747421-1632-495D-AEF7-DF5647636DE5}.Release|x86.Build.0 = Release|Win32
		{363F3C78-FBC8-4FF1-937D-B96A9A9393C3}.Debug|x64.ActiveCfg = Debug|x64
		{363F3C78-FBC8-4FF1-937D-B96A9A9393C3}.Debug|x64.Build.0 = Debug|x64
		{363F3C78-FBC8-4FF1-937D-B96A9A9393C3}.Debug|x86.ActiveCfg = Debug|Win32
		{363F3C78-FBC8-4FF1-937D-B96A9A9393C3}.Debug|x86.Build.0 = Debug|Win32
		{363F3C78-FBC8-4FF1-937D-B96A9A9393C3}.Release|x64.ActiveCfg = Release|x64
		{363F3C78-FBC8-4FF1-937D-B96A9A9393C3}.Release|x64.Build.0 = Release|x64
		{363F3C78-FBC8-4FF1-937D-B96A9A9393C3}.Release|x86.ActiveCfg = Release|Win32
		{363F3C78-FBC8-4FF1-937D-B96A9A9393C3}.Release|x86.Build.0 = Release|Win32
	EndGlobalSection
	GlobalSection(SolutionProperties) = preSolution
		HideSolutionNode = FALSE
	EndGlobalSection
	GlobalSection(ExtensibilityGlobals) = postSolution
		SolutionGuid = {09DEB6B2-4CA1-44C2-836A-DEC8C72969B1}
	EndGlobalSection
EndGlobal
