<?xml version="1.0" encoding="utf-8"?>
<Project ToolsVersion="4.0" xmlns="http://schemas.microsoft.com/developer/msbuild/2003">
  <ItemGroup>
    <Filter Include="Source Files">
      <UniqueIdentifier>{4FC737F1-C7A5-4376-A066-2A32D752A2FF}</UniqueIdentifier>
      <Extensions>cpp;c;cc;cxx;c++;cppm;ixx;def;odl;idl;hpj;bat;asm;asmx</Extensions>
    </Filter>
    <Filter Include="Header Files">
      <UniqueIdentifier>{93995380-89BD-4b04-88EB-625FBE52EBFB}</UniqueIdentifier>
      <Extensions>h;hh;hpp;hxx;h++;hm;inl;inc;ipp;xsd</Extensions>
    </Filter>
    <Filter Include="Resource Files">
      <UniqueIdentifier>{67DA6AB6-F800-4c08-8B7A-83BB121AAD01}</UniqueIdentifier>
      <Extensions>rc;ico;cur;bmp;dlg;rc2;rct;bin;rgs;gif;jpg;jpeg;jpe;resx;tiff;tif;png;wav;mfcribbon-ms</Extensions>
    </Filter>
    <Filter Include="Header Files\Helper">
      <UniqueIdentifier>{03f9f9be-d9a1-4b2f-a2f5-fad66f6f4f48}</UniqueIdentifier>
    </Filter>
    <Filter Include="Header Files\Manager">
      <UniqueIdentifier>{1f7c713d-19a8-48c8-8edd-12f1a0e98d20}</UniqueIdentifier>
    </Filter>
    <Filter Include="Header Files\Object">
      <UniqueIdentifier>{33760f58-413a-40df-90de-09a96c62d242}</UniqueIdentifier>
    </Filter>
    <Filter Include="Header Files\Render">
      <UniqueIdentifier>{4c6b7a19-e001-4a07-854f-f3a96a3d0d38}</UniqueIdentifier>
    </Filter>
    <Filter Include="Source Files\Helper">
      <UniqueIdentifier>{2e4b416e-fcae-485f-b257-8f1d20f82f51}</UniqueIdentifier>
    </Filter>
    <Filter Include="Source Files\Manager">
      <UniqueIdentifier>{6540978a-d614-444d-9ccd-1d2f5528813b}</UniqueIdentifier>
    </Filter>
    <Filter Include="Source Files\Object">
      <UniqueIdentifier>{6a863704-351e-422e-be7a-94cc82469c3c}</UniqueIdentifier>
    </Filter>
    <Filter Include="Source Files\Render">
      <UniqueIdentifier>{c3bcf4f9-c309-432d-8606-ea947322f9aa}</UniqueIdentifier>
    </Filter>
  </ItemGroup>
  <ItemGroup>
    <ClInclude Include="framework.h">
      <Filter>Header Files</Filter>
    </ClInclude>
    <ClInclude Include="pch.h">
      <Filter>Header Files</Filter>
    </ClInclude>
    <ClInclude Include="Console.h">
      <Filter>Header Files\Helper</Filter>
    </ClInclude>
    <ClInclude Include="DrawObject.h">
      <Filter>Header Files\Object</Filter>
    </ClInclude>
    <ClInclude Include="GameObject.h">
      <Filter>Header Files\Object</Filter>
    </ClInclude>
    <ClInclude Include="Vector2.h">
      <Filter>Header Files\Object</Filter>
    </ClInclude>
    <ClInclude Include="Renderer.h">
      <Filter>Header Files\Render</Filter>
    </ClInclude>
    <ClInclude Include="Transform.h">
      <Filter>Header Files\Object</Filter>
    </ClInclude>
    <ClInclude Include="Loop.h">
      <Filter>Header Files\Helper</Filter>
    </ClInclude>
    <ClInclude Include="Option.h">
      <Filter>Header Files\Helper</Filter>
    </ClInclude>
    <ClInclude Include="Interface.h">
      <Filter>Header Files\Manager</Filter>
    </ClInclude>
    <ClInclude Include="GameManager.h">
      <Filter>Header Files\Manager</Filter>
    </ClInclude>
    <ClInclude Include="Encapsulation.h">
      <Filter>Header Files\Helper</Filter>
    </ClInclude>
  </ItemGroup>
  <ItemGroup>
    <ClCompile Include="Console.c">
      <Filter>Source Files\Helper</Filter>
    </ClCompile>
    <ClCompile Include="GameManager.c">
      <Filter>Source Files\Manager</Filter>
    </ClCompile>
    <ClCompile Include="DrawObject.c">
      <Filter>Source Files\Object</Filter>
    </ClCompile>
    <ClCompile Include="GameObject.c">
      <Filter>Source Files\Object</Filter>
    </ClCompile>
    <ClCompile Include="Renderer.c">
      <Filter>Source Files\Render</Filter>
    </ClCompile>
    <ClCompile Include="Vector2.c">
      <Filter>Source Files\Object</Filter>
    </ClCompile>
    <ClCompile Include="Interface.c">
      <Filter>Source Files\Manager</Filter>
    </ClCompile>
    <ClCompile Include="pch.c">
      <Filter>Source Files</Filter>
    </ClCompile>
    <ClCompile Include="dllmain.c">
      <Filter>Source Files</Filter>
    </ClCompile>
  </ItemGroup>
</Project>