<?xml version="1.0" encoding="utf-8"?>
<Project ToolsVersion="4.0" xmlns="http://schemas.microsoft.com/developer/msbuild/2003">
  <ItemGroup>
    <Filter Include="Source Files">
      <UniqueIdentifier>{4FC737F1-C7A5-4376-A066-2A32D752A2FF}</UniqueIdentifier>
      <Extensions>cpp;c;cc;cxx;c++;cppm;ixx;def;odl;idl;hpj;bat;asm;asmx</Extensions>
    </Filter>
    <Filter Include="Header Files">
      <UniqueIdentifier>{93995380-89BD-4b04-88EB-625FBE52EBFB}</UniqueIdentifier>
      <Extensions>h;hh;hpp;hxx;h++;hm;inl;inc;ipp;xsd</Extensions>
    </Filter>
    <Filter Include="Resource Files">
      <UniqueIdentifier>{67DA6AB6-F800-4c08-8B7A-83BB121AAD01}</UniqueIdentifier>
      <Extensions>rc;ico;cur;bmp;dlg;rc2;rct;bin;rgs;gif;jpg;jpeg;jpe;resx;tiff;tif;png;wav;mfcribbon-ms</Extensions>
    </Filter>
    <Filter Include="Header Files\Helper">
      <UniqueIdentifier>{1bee4c8c-52f0-4b76-84c2-7123bfb9d4f9}</UniqueIdentifier>
    </Filter>
    <Filter Include="Header Files\Manager">
      <UniqueIdentifier>{b76fc88d-22fa-4438-afe2-9774b448ce0b}</UniqueIdentifier>
    </Filter>
    <Filter Include="Header Files\Object">
      <UniqueIdentifier>{6cb6fa08-c6f4-40f0-84cc-3661f878b230}</UniqueIdentifier>
    </Filter>
    <Filter Include="Header Files\Render">
      <UniqueIdentifier>{22656b1b-6947-405b-9caa-8129ba2cbc9b}</UniqueIdentifier>
    </Filter>
    <Filter Include="Source Files\Helper">
      <UniqueIdentifier>{c324a0cd-2541-4f20-b240-10fe084f726a}</UniqueIdentifier>
    </Filter>
    <Filter Include="Source Files\Manager">
      <UniqueIdentifier>{3a93c708-193c-4daa-9642-741e1fec8ddd}</UniqueIdentifier>
    </Filter>
    <Filter Include="Source Files\Rander">
      <UniqueIdentifier>{2a561f96-319b-42b4-93d2-0fbd4dd3f0a2}</UniqueIdentifier>
    </Filter>
    <Filter Include="Source Files\Object">
      <UniqueIdentifier>{e0cfe9c8-35ee-4f54-9652-c1b0f6aae76b}</UniqueIdentifier>
    </Filter>
  </ItemGroup>
  <ItemGroup>
    <ClInclude Include="DrawObject.h">
      <Filter>Header Files\Object</Filter>
    </ClInclude>
    <ClInclude Include="GameObject.h">
      <Filter>Header Files\Object</Filter>
    </ClInclude>
    <ClInclude Include="Vector2.h">
      <Filter>Header Files\Object</Filter>
    </ClInclude>
    <ClInclude Include="Transform.h">
      <Filter>Header Files\Object</Filter>
    </ClInclude>
    <ClInclude Include="Renderer.h">
      <Filter>Header Files\Render</Filter>
    </ClInclude>
    <ClInclude Include="Console.h">
      <Filter>Header Files\Helper</Filter>
    </ClInclude>
    <ClInclude Include="Encapsulation.h">
      <Filter>Header Files\Helper</Filter>
    </ClInclude>
    <ClInclude Include="GameManager.h">
      <Filter>Header Files\Manager</Filter>
    </ClInclude>
    <ClInclude Include="Interface.h">
      <Filter>Header Files\Manager</Filter>
    </ClInclude>
    <ClInclude Include="Loop.h">
      <Filter>Header Files\Helper</Filter>
    </ClInclude>
    <ClInclude Include="Option.h">
      <Filter>Header Files\Helper</Filter>
    </ClInclude>
  </ItemGroup>
  <ItemGroup>
    <ClCompile Include="Console.c">
      <Filter>Source Files\Helper</Filter>
    </ClCompile>
    <ClCompile Include="GameManager.c">
      <Filter>Source Files\Manager</Filter>
    </ClCompile>
    <ClCompile Include="Interface.c">
      <Filter>Source Files\Manager</Filter>
    </ClCompile>
    <ClCompile Include="Renderer.c">
      <Filter>Source Files\Rander</Filter>
    </ClCompile>
    <ClCompile Include="DrawObject.c">
      <Filter>Source Files\Object</Filter>
    </ClCompile>
    <ClCompile Include="GameObject.c">
      <Filter>Source Files\Object</Filter>
    </ClCompile>
    <ClCompile Include="Vector2.c">
      <Filter>Source Files\Object</Filter>
    </ClCompile>
  </ItemGroup>
</Project>