<?xml version="1.0" encoding="utf-8"?>
<Project ToolsVersion="4.0" xmlns="http://schemas.microsoft.com/developer/msbuild/2003">
  <ItemGroup>
    <Filter Include="Source Files">
      <UniqueIdentifier>{4FC737F1-C7A5-4376-A066-2A32D752A2FF}</UniqueIdentifier>
      <Extensions>cpp;c;cc;cxx;c++;cppm;ixx;def;odl;idl;hpj;bat;asm;asmx</Extensions>
    </Filter>
    <Filter Include="Header Files">
      <UniqueIdentifier>{93995380-89BD-4b04-88EB-625FBE52EBFB}</UniqueIdentifier>
      <Extensions>h;hh;hpp;hxx;h++;hm;inl;inc;ipp;xsd</Extensions>
    </Filter>
    <Filter Include="Resource Files">
      <UniqueIdentifier>{67DA6AB6-F800-4c08-8B7A-83BB121AAD01}</UniqueIdentifier>
      <Extensions>rc;ico;cur;bmp;dlg;rc2;rct;bin;rgs;gif;jpg;jpeg;jpe;resx;tiff;tif;png;wav;mfcribbon-ms</Extensions>
    </Filter>
    <Filter Include="Header Files\Object">
      <UniqueIdentifier>{0d44cac1-2336-46cf-8e49-d7d8abdfe6b9}</UniqueIdentifier>
    </Filter>
    <Filter Include="Source Files\Object">
      <UniqueIdentifier>{a29245c0-f467-455a-9c4f-477fe36cacd4}</UniqueIdentifier>
    </Filter>
    <Filter Include="Header Files\Helper">
      <UniqueIdentifier>{de62ff49-a4e0-43ed-bae0-8c1ea9a2c36a}</UniqueIdentifier>
    </Filter>
    <Filter Include="Source Files\Helper">
      <UniqueIdentifier>{3e907b68-5e35-441a-964c-68ac26c41892}</UniqueIdentifier>
    </Filter>
    <Filter Include="Source Files\Manager">
      <UniqueIdentifier>{be2dfc81-358c-47cf-8e3b-8666407ca360}</UniqueIdentifier>
    </Filter>
    <Filter Include="Source Files\Render">
      <UniqueIdentifier>{5f7908c1-b60c-4a5d-8bae-cbceb4b9d97d}</UniqueIdentifier>
    </Filter>
    <Filter Include="Header Files\Manager">
      <UniqueIdentifier>{88d5e941-920a-486d-ab4a-5eba8f38b534}</UniqueIdentifier>
    </Filter>
    <Filter Include="Header Files\Helper\TemplateModel">
      <UniqueIdentifier>{3d6677f1-7a6d-427a-8375-6a6478fca64a}</UniqueIdentifier>
    </Filter>
    <Filter Include="Source Files\Helper\TemplateModel">
      <UniqueIdentifier>{cd9010d6-4982-48cf-9576-8c29c2952252}</UniqueIdentifier>
    </Filter>
    <Filter Include="Header Files\Render">
      <UniqueIdentifier>{a85a459b-5544-44ae-b7f9-7b93bbbdf906}</UniqueIdentifier>
    </Filter>
  </ItemGroup>
  <ItemGroup>
    <ClInclude Include="framework.h">
      <Filter>Header Files</Filter>
    </ClInclude>
    <ClInclude Include="TinyEngine.h">
      <Filter>Header Files</Filter>
    </ClInclude>
    <ClInclude Include="pch.h">
      <Filter>Header Files</Filter>
    </ClInclude>
    <ClInclude Include="Vector2.h">
      <Filter>Header Files\Object</Filter>
    </ClInclude>
    <ClInclude Include="Console.h">
      <Filter>Header Files\Helper</Filter>
    </ClInclude>
    <ClInclude Include="Option.h">
      <Filter>Header Files\Helper</Filter>
    </ClInclude>
    <ClInclude Include="Renderer.h">
      <Filter>Header Files\Render</Filter>
    </ClInclude>
    <ClInclude Include="Loop.h">
      <Filter>Header Files\Helper</Filter>
    </ClInclude>
    <ClInclude Include="Interface.h">
      <Filter>Header Files\Manager</Filter>
    </ClInclude>
    <ClInclude Include="GameManager.h">
      <Filter>Header Files\Manager</Filter>
    </ClInclude>
    <ClInclude Include="DrawObject.h">
      <Filter>Header Files\Object</Filter>
    </ClInclude>
    <ClInclude Include="GameObject.h">
      <Filter>Header Files\Object</Filter>
    </ClInclude>
    <ClInclude Include="Transform.h">
      <Filter>Header Files\Object</Filter>
    </ClInclude>
    <ClInclude Include="Object.h">
      <Filter>Header Files\Object</Filter>
    </ClInclude>
    <ClInclude Include="Box.h">
      <Filter>Header Files\Helper</Filter>
    </ClInclude>
    <ClInclude Include="VectorLegacy.h">
      <Filter>Header Files\Helper</Filter>
    </ClInclude>
    <ClInclude Include="List.h">
      <Filter>Header Files\Helper</Filter>
    </ClInclude>
    <ClInclude Include="ObjectListSample.h">
      <Filter>Header Files\Helper\TemplateModel</Filter>
    </ClInclude>
    <ClInclude Include="Type.h">
      <Filter>Header Files\Helper</Filter>
    </ClInclude>
    <ClInclude Include="ObjectVectorSample.h">
      <Filter>Header Files\Helper\TemplateModel</Filter>
    </ClInclude>
  </ItemGroup>
  <ItemGroup>
    <ClCompile Include="pch.c">
      <Filter>Source Files</Filter>
    </ClCompile>
    <ClCompile Include="Vector2.c">
      <Filter>Source Files\Object</Filter>
    </ClCompile>
    <ClCompile Include="Console.c">
      <Filter>Source Files\Helper</Filter>
    </ClCompile>
    <ClCompile Include="GameManager.c">
      <Filter>Source Files\Manager</Filter>
    </ClCompile>
    <ClCompile Include="Interface.c">
      <Filter>Source Files\Manager</Filter>
    </ClCompile>
    <ClCompile Include="Renderer.c">
      <Filter>Source Files\Render</Filter>
    </ClCompile>
    <ClCompile Include="DrawObject.c">
      <Filter>Source Files\Object</Filter>
    </ClCompile>
    <ClCompile Include="GameObject.c">
      <Filter>Source Files\Object</Filter>
    </ClCompile>
    <ClCompile Include="Object.c">
      <Filter>Source Files\Object</Filter>
    </ClCompile>
    <ClCompile Include="ObjectListSample.c">
      <Filter>Source Files\Helper\TemplateModel</Filter>
    </ClCompile>
    <ClCompile Include="ObjectVectorSample.c">
      <Filter>Source Files\Helper\TemplateModel</Filter>
    </ClCompile>
    <ClCompile Include="Option.c">
      <Filter>Source Files\Helper</Filter>
    </ClCompile>
  </ItemGroup>
</Project>